
Microsoft Visual Studio Solution File, Format Version 12.00
Project("{FAE04EC0-301F-11D3-BF4B-00C04F79EFBC}") = "GameServer", "GameServer\GameServer.csproj", "{3C0C1053-FA89-47C8-8D9D-52DD2A37CDEC}"
EndProject
Project("{FAE04EC0-301F-11D3-BF4B-00C04F79EFBC}") = "SharedLibrary", "SharedLibrary\SharedLibrary.csproj", "{A857B558-C129-4DE5-BB35-4DF0D15D79A2}"
EndProject
Global
	GlobalSection(SolutionConfigurationPlatforms) = preSolution
		Debug|Any CPU = Debug|Any CPU
		Release|Any CPU = Release|Any CPU
	EndGlobalSection
	GlobalSection(ProjectConfigurationPlatforms) = postSolution
		{3C0C1053-FA89-47C8-8D9D-52DD2A37CDEC}.Debug|Any CPU.ActiveCfg = Debug|Any CPU
		{3C0C1053-FA89-47C8-8D9D-52DD2A37CDEC}.Debug|Any CPU.Build.0 = Debug|Any CPU
		{3C0C1053-FA89-47C8-8D9D-52DD2A37CDEC}.Release|Any CPU.ActiveCfg = Release|Any CPU
		{3C0C1053-FA89-47C8-8D9D-52DD2A37CDEC}.Release|Any CPU.Build.0 = Release|Any CPU
		{A857B558-C129-4DE5-BB35-4DF0D15D79A2}.Debug|Any CPU.ActiveCfg = Debug|Any CPU
		{A857B558-C129-4DE5-BB35-4DF0D15D79A2}.Debug|Any CPU.Build.0 = Debug|Any CPU
		{A857B558-C129-4DE5-BB35-4DF0D15D79A2}.Release|Any CPU.ActiveCfg = Release|Any CPU
		{A857B558-C129-4DE5-BB35-4DF0D15D79A2}.Release|Any CPU.Build.0 = Release|Any CPU
	EndGlobalSection
EndGlobal
